
Microsoft Visual Studio Solution File, Format Version 12.00
# Visual Studio Version 16
VisualStudioVersion = 16.0.30907.101
MinimumVisualStudioVersion = 15.0.26124.0
Project("{9A19103F-16F7-4668-BE54-9A1E7A4F7556}") = "SiteMercadoBackend.Produto", "SiteMercadoBackend.Produto\SiteMercadoBackend.Produto.csproj", "{DD37E5F7-2361-4428-BA8E-7AEE747F1BA6}"
EndProject
Project("{9A19103F-16F7-4668-BE54-9A1E7A4F7556}") = "SiteMercadoBackend.Produto.Api", "SiteMercadoBackend.Produto.Api\SiteMercadoBackend.Produto.Api.csproj", "{B3F898E0-0C0E-4141-BBB7-A4A2DC3966CC}"
EndProject
Project("{9A19103F-16F7-4668-BE54-9A1E7A4F7556}") = "SiteMercadoBackend.Produto.Infra", "SiteMercadoBackend.Produto.Infra\SiteMercadoBackend.Produto.Infra.csproj", "{6D2946F1-25A1-414B-97ED-B4326E331402}"
EndProject
Global
	GlobalSection(SolutionConfigurationPlatforms) = preSolution
		Debug|Any CPU = Debug|Any CPU
		Debug|x64 = Debug|x64
		Debug|x86 = Debug|x86
		Release|Any CPU = Release|Any CPU
		Release|x64 = Release|x64
		Release|x86 = Release|x86
	EndGlobalSection
	GlobalSection(ProjectConfigurationPlatforms) = postSolution
		{DD37E5F7-2361-4428-BA8E-7AEE747F1BA6}.Debug|Any CPU.ActiveCfg = Debug|Any CPU
		{DD37E5F7-2361-4428-BA8E-7AEE747F1BA6}.Debug|Any CPU.Build.0 = Debug|Any CPU
		{DD37E5F7-2361-4428-BA8E-7AEE747F1BA6}.Debug|x64.ActiveCfg = Debug|Any CPU
		{DD37E5F7-2361-4428-BA8E-7AEE747F1BA6}.Debug|x64.Build.0 = Debug|Any CPU
		{DD37E5F7-2361-4428-BA8E-7AEE747F1BA6}.Debug|x86.ActiveCfg = Debug|Any CPU
		{DD37E5F7-2361-4428-BA8E-7AEE747F1BA6}.Debug|x86.Build.0 = Debug|Any CPU
		{DD37E5F7-2361-4428-BA8E-7AEE747F1BA6}.Release|Any CPU.ActiveCfg = Release|Any CPU
		{DD37E5F7-2361-4428-BA8E-7AEE747F1BA6}.Release|Any CPU.Build.0 = Release|Any CPU
		{DD37E5F7-2361-4428-BA8E-7AEE747F1BA6}.Release|x64.ActiveCfg = Release|Any CPU
		{DD37E5F7-2361-4428-BA8E-7AEE747F1BA6}.Release|x64.Build.0 = Release|Any CPU
		{DD37E5F7-2361-4428-BA8E-7AEE747F1BA6}.Release|x86.ActiveCfg = Release|Any CPU
		{DD37E5F7-2361-4428-BA8E-7AEE747F1BA6}.Release|x86.Build.0 = Release|Any CPU
		{B3F898E0-0C0E-4141-BBB7-A4A2DC3966CC}.Debug|Any CPU.ActiveCfg = Debug|Any CPU
		{B3F898E0-0C0E-4141-BBB7-A4A2DC3966CC}.Debug|Any CPU.Build.0 = Debug|Any CPU
		{B3F898E0-0C0E-4141-BBB7-A4A2DC3966CC}.Debug|x64.ActiveCfg = Debug|Any CPU
		{B3F898E0-0C0E-4141-BBB7-A4A2DC3966CC}.Debug|x64.Build.0 = Debug|Any CPU
		{B3F898E0-0C0E-4141-BBB7-A4A2DC3966CC}.Debug|x86.ActiveCfg = Debug|Any CPU
		{B3F898E0-0C0E-4141-BBB7-A4A2DC3966CC}.Debug|x86.Build.0 = Debug|Any CPU
		{B3F898E0-0C0E-4141-BBB7-A4A2DC3966CC}.Release|Any CPU.ActiveCfg = Release|Any CPU
		{B3F898E0-0C0E-4141-BBB7-A4A2DC3966CC}.Release|Any CPU.Build.0 = Release|Any CPU
		{B3F898E0-0C0E-4141-BBB7-A4A2DC3966CC}.Release|x64.ActiveCfg = Release|Any CPU
		{B3F898E0-0C0E-4141-BBB7-A4A2DC3966CC}.Release|x64.Build.0 = Release|Any CPU
		{B3F898E0-0C0E-4141-BBB7-A4A2DC3966CC}.Release|x86.ActiveCfg = Release|Any CPU
		{B3F898E0-0C0E-4141-BBB7-A4A2DC3966CC}.Release|x86.Build.0 = Release|Any CPU
		{6D2946F1-25A1-414B-97ED-B4326E331402}.Debug|Any CPU.ActiveCfg = Debug|Any CPU
		{6D2946F1-25A1-414B-97ED-B4326E331402}.Debug|Any CPU.Build.0 = Debug|Any CPU
		{6D2946F1-25A1-414B-97ED-B4326E331402}.Debug|x64.ActiveCfg = Debug|Any CPU
		{6D2946F1-25A1-414B-97ED-B4326E331402}.Debug|x64.Build.0 = Debug|Any CPU
		{6D2946F1-25A1-414B-97ED-B4326E331402}.Debug|x86.ActiveCfg = Debug|Any CPU
		{6D2946F1-25A1-414B-97ED-B4326E331402}.Debug|x86.Build.0 = Debug|Any CPU
		{6D2946F1-25A1-414B-97ED-B4326E331402}.Release|Any CPU.ActiveCfg = Release|Any CPU
		{6D2946F1-25A1-414B-97ED-B4326E331402}.Release|Any CPU.Build.0 = Release|Any CPU
		{6D2946F1-25A1-414B-97ED-B4326E331402}.Release|x64.ActiveCfg = Release|Any CPU
		{6D2946F1-25A1-414B-97ED-B4326E331402}.Release|x64.Build.0 = Release|Any CPU
		{6D2946F1-25A1-414B-97ED-B4326E331402}.Release|x86.ActiveCfg = Release|Any CPU
		{6D2946F1-25A1-414B-97ED-B4326E331402}.Release|x86.Build.0 = Release|Any CPU
	EndGlobalSection
	GlobalSection(SolutionProperties) = preSolution
		HideSolutionNode = FALSE
	EndGlobalSection
	GlobalSection(ExtensibilityGlobals) = postSolution
		SolutionGuid = {32119021-B7E5-4DCA-898F-1F1FC9261325}
	EndGlobalSection
EndGlobal
